github.com/maxb/go-dep-version-test/alpha v0.0.0-20190310143927-c879e17e3740 h1:ffA4veWkmLYdONWIDv3uQ8/7v/EL+RsL7OPEDtgZO40=
github.com/maxb/go-dep-version-test/alpha v0.0.0-20190310143927-c879e17e3740/go.mod h1:+zuZ39zQY3gFaaoIkYVxHxAnqFYz/eYcSUTPls/4MIA=
github.com/maxb/go-dep-version-test/alpha v1.0.0 h1:lV/maJGsQs4EglBN9KflHMCP/cbCp3+lBHZIc0J1H1w=
github.com/maxb/go-dep-version-test/alpha v1.0.0/go.mod h1:+zuZ39zQY3gFaaoIkYVxHxAnqFYz/eYcSUTPls/4MIA=
